
Microsoft Visual Studio Solution File, Format Version 12.00
# Visual Studio 15
VisualStudioVersion = 15.0.26124.0
MinimumVisualStudioVersion = 15.0.26124.0
Project("{2150E333-8FDC-42A3-9474-1A3956D46DE8}") = "samples", "samples", "{1979663A-9605-426D-8E61-AAB5D70EE613}"
EndProject
Project("{FAE04EC0-301F-11D3-BF4B-00C04F79EFBC}") = "UmsPayTest", "samples\UmsPayTest\UmsPayTest.csproj", "{64228BDA-2A69-4BEE-907D-13227F844EEF}"
EndProject
Project("{2150E333-8FDC-42A3-9474-1A3956D46DE8}") = "src", "src", "{0B2FA898-B4F5-4B32-A8D1-BC0A3B96E962}"
EndProject
Project("{FAE04EC0-301F-11D3-BF4B-00C04F79EFBC}") = "UmsPay", "src\UmsPay\UmsPay.csproj", "{2F0A5BBB-A474-4888-B6FC-7ED61A627803}"
EndProject
Global
	GlobalSection(SolutionConfigurationPlatforms) = preSolution
		Debug|Any CPU = Debug|Any CPU
		Debug|x64 = Debug|x64
		Debug|x86 = Debug|x86
		Release|Any CPU = Release|Any CPU
		Release|x64 = Release|x64
		Release|x86 = Release|x86
	EndGlobalSection
	GlobalSection(SolutionProperties) = preSolution
		HideSolutionNode = FALSE
	EndGlobalSection
	GlobalSection(ProjectConfigurationPlatforms) = postSolution
		{64228BDA-2A69-4BEE-907D-13227F844EEF}.Debug|Any CPU.ActiveCfg = Debug|Any CPU
		{64228BDA-2A69-4BEE-907D-13227F844EEF}.Debug|Any CPU.Build.0 = Debug|Any CPU
		{64228BDA-2A69-4BEE-907D-13227F844EEF}.Debug|x64.ActiveCfg = Debug|Any CPU
		{64228BDA-2A69-4BEE-907D-13227F844EEF}.Debug|x64.Build.0 = Debug|Any CPU
		{64228BDA-2A69-4BEE-907D-13227F844EEF}.Debug|x86.ActiveCfg = Debug|Any CPU
		{64228BDA-2A69-4BEE-907D-13227F844EEF}.Debug|x86.Build.0 = Debug|Any CPU
		{64228BDA-2A69-4BEE-907D-13227F844EEF}.Release|Any CPU.ActiveCfg = Release|Any CPU
		{64228BDA-2A69-4BEE-907D-13227F844EEF}.Release|Any CPU.Build.0 = Release|Any CPU
		{64228BDA-2A69-4BEE-907D-13227F844EEF}.Release|x64.ActiveCfg = Release|Any CPU
		{64228BDA-2A69-4BEE-907D-13227F844EEF}.Release|x64.Build.0 = Release|Any CPU
		{64228BDA-2A69-4BEE-907D-13227F844EEF}.Release|x86.ActiveCfg = Release|Any CPU
		{64228BDA-2A69-4BEE-907D-13227F844EEF}.Release|x86.Build.0 = Release|Any CPU
		{2F0A5BBB-A474-4888-B6FC-7ED61A627803}.Debug|Any CPU.ActiveCfg = Debug|Any CPU
		{2F0A5BBB-A474-4888-B6FC-7ED61A627803}.Debug|Any CPU.Build.0 = Debug|Any CPU
		{2F0A5BBB-A474-4888-B6FC-7ED61A627803}.Debug|x64.ActiveCfg = Debug|Any CPU
		{2F0A5BBB-A474-4888-B6FC-7ED61A627803}.Debug|x64.Build.0 = Debug|Any CPU
		{2F0A5BBB-A474-4888-B6FC-7ED61A627803}.Debug|x86.ActiveCfg = Debug|Any CPU
		{2F0A5BBB-A474-4888-B6FC-7ED61A627803}.Debug|x86.Build.0 = Debug|Any CPU
		{2F0A5BBB-A474-4888-B6FC-7ED61A627803}.Release|Any CPU.ActiveCfg = Release|Any CPU
		{2F0A5BBB-A474-4888-B6FC-7ED61A627803}.Release|Any CPU.Build.0 = Release|Any CPU
		{2F0A5BBB-A474-4888-B6FC-7ED61A627803}.Release|x64.ActiveCfg = Release|Any CPU
		{2F0A5BBB-A474-4888-B6FC-7ED61A627803}.Release|x64.Build.0 = Release|Any CPU
		{2F0A5BBB-A474-4888-B6FC-7ED61A627803}.Release|x86.ActiveCfg = Release|Any CPU
		{2F0A5BBB-A474-4888-B6FC-7ED61A627803}.Release|x86.Build.0 = Release|Any CPU
	EndGlobalSection
	GlobalSection(NestedProjects) = preSolution
		{64228BDA-2A69-4BEE-907D-13227F844EEF} = {1979663A-9605-426D-8E61-AAB5D70EE613}
		{2F0A5BBB-A474-4888-B6FC-7ED61A627803} = {0B2FA898-B4F5-4B32-A8D1-BC0A3B96E962}
	EndGlobalSection
EndGlobal
